// !$*UTF8*$!
{
	archiveVersion = 1;
	classes = {
	};
	objectVersion = 55;
	objects = {

/* Begin PBXBuildFile section */
		69BA8F3927DEE9AF002FE922 /* AppDelegate.swift in Sources */ = {isa = PBXBuildFile; fileRef = 69BA8F3827DEE9AF002FE922 /* AppDelegate.swift */; };
		69BA8F3B27DEE9AF002FE922 /* SceneDelegate.swift in Sources */ = {isa = PBXBuildFile; fileRef = 69BA8F3A27DEE9AF002FE922 /* SceneDelegate.swift */; };
		69BA8F3D27DEE9AF002FE922 /* ViewController.swift in Sources */ = {isa = PBXBuildFile; fileRef = 69BA8F3C27DEE9AF002FE922 /* ViewController.swift */; };
		69BA8F4027DEE9AF002FE922 /* Main.storyboard in Resources */ = {isa = PBXBuildFile; fileRef = 69BA8F3E27DEE9AF002FE922 /* Main.storyboard */; };
		69BA8F4227DEE9B1002FE922 /* Assets.xcassets in Resources */ = {isa = PBXBuildFile; fileRef = 69BA8F4127DEE9B1002FE922 /* Assets.xcassets */; };
		69BA8F4527DEE9B1002FE922 /* LaunchScreen.storyboard in Resources */ = {isa = PBXBuildFile; fileRef = 69BA8F4327DEE9B1002FE922 /* LaunchScreen.storyboard */; };
		69BA8F4E27DEEF7D002FE922 /* Canvas.swift in Sources */ = {isa = PBXBuildFile; fileRef = 69BA8F4D27DEEF7D002FE922 /* Canvas.swift */; };
		69BA8F5227DF133E002FE922 /* Line.swift in Sources */ = {isa = PBXBuildFile; fileRef = 69BA8F5127DF133E002FE922 /* Line.swift */; };
/* End PBXBuildFile section */

/* Begin PBXFileReference section */
		69BA8F3527DEE9AF002FE922 /* DrawDemo.app */ = {isa = PBXFileReference; explicitFileType = wrapper.application; includeInIndex = 0; path = DrawDemo.app; sourceTree = BUILT_PRODUCTS_DIR; };
		69BA8F3827DEE9AF002FE922 /* AppDelegate.swift */ = {isa = PBXFileReference; lastKnownFileType = sourcecode.swift; path = AppDelegate.swift; sourceTree = "<group>"; };
		69BA8F3A27DEE9AF002FE922 /* SceneDelegate.swift */ = {isa = PBXFileReference; lastKnownFileType = sourcecode.swift; path = SceneDelegate.swift; sourceTree = "<group>"; };
		69BA8F3C27DEE9AF002FE922 /* ViewController.swift */ = {isa = PBXFileReference; lastKnownFileType = sourcecode.swift; path = ViewController.swift; sourceTree = "<group>"; };
		69BA8F3F27DEE9AF002FE922 /* Base */ = {isa = PBXFileReference; lastKnownFileType = file.storyboard; name = Base; path = Base.lproj/Main.storyboard; sourceTree = "<group>"; };
		69BA8F4127DEE9B1002FE922 /* Assets.xcassets */ = {isa = PBXFileReference; lastKnownFileType = folder.assetcatalog; path = Assets.xcassets; sourceTree = "<group>"; };
		69BA8F4427DEE9B1002FE922 /* Base */ = {isa = PBXFileReference; lastKnownFileType = file.storyboard; name = Base; path = Base.lproj/LaunchScreen.storyboard; sourceTree = "<group>"; };
		69BA8F4627DEE9B1002FE922 /* Info.plist */ = {isa = PBXFileReference; lastKnownFileType = text.plist.xml; path = Info.plist; sourceTree = "<group>"; };
		69BA8F4D27DEEF7D002FE922 /* Canvas.swift */ = {isa = PBXFileReference; lastKnownFileType = sourcecode.swift; path = Canvas.swift; sourceTree = "<group>"; };
		69BA8F5127DF133E002FE922 /* Line.swift */ = {isa = PBXFileReference; lastKnownFileType = sourcecode.swift; path = Line.swift; sourceTree = "<group>"; };
/* End PBXFileReference section */

/* Begin PBXFrameworksBuildPhase section */
		69BA8F3227DEE9AF002FE922 /* Frameworks */ = {
			isa = PBXFrameworksBuildPhase;
			buildActionMask = 2147483647;
			files = (
			);
			runOnlyForDeploymentPostprocessing = 0;
		};
/* End PBXFrameworksBuildPhase section */

/* Begin PBXGroup section */
		69BA8F2C27DEE9AF002FE922 = {
			isa = PBXGroup;
			children = (
				69BA8F3727DEE9AF002FE922 /* DrawDemo */,
				69BA8F3627DEE9AF002FE922 /* Products */,
			);
			sourceTree = "<group>";
		};
		69BA8F3627DEE9AF002FE922 /* Products */ = {
			isa = PBXGroup;
			children = (
				69BA8F3527DEE9AF002FE922 /* DrawDemo.app */,
			);
			name = Products;
			sourceTree = "<group>";
		};
		69BA8F3727DEE9AF002FE922 /* DrawDemo */ = {
			isa = PBXGroup;
			children = (
				69BA8F5027DF131D002FE922 /* Models */,
				69BA8F4F27DEEFC6002FE922 /* Controller */,
				69BA8F4C27DEEF6B002FE922 /* Views */,
				69BA8F3827DEE9AF002FE922 /* AppDelegate.swift */,
				69BA8F3A27DEE9AF002FE922 /* SceneDelegate.swift */,
				69BA8F3E27DEE9AF002FE922 /* Main.storyboard */,
				69BA8F4127DEE9B1002FE922 /* Assets.xcassets */,
				69BA8F4327DEE9B1002FE922 /* LaunchScreen.storyboard */,
				69BA8F4627DEE9B1002FE922 /* Info.plist */,
			);
			path = DrawDemo;
			sourceTree = "<group>";
		};
		69BA8F4C27DEEF6B002FE922 /* Views */ = {
			isa = PBXGroup;
			children = (
				69BA8F4D27DEEF7D002FE922 /* Canvas.swift */,
			);
			path = Views;
			sourceTree = "<group>";
		};
		69BA8F4F27DEEFC6002FE922 /* Controller */ = {
			isa = PBXGroup;
			children = (
				69BA8F3C27DEE9AF002FE922 /* ViewController.swift */,
			);
			path = Controller;
			sourceTree = "<group>";
		};
		69BA8F5027DF131D002FE922 /* Models */ = {
			isa = PBXGroup;
			children = (
				69BA8F5127DF133E002FE922 /* Line.swift */,
			);
			path = Models;
			sourceTree = "<group>";
		};
/* End PBXGroup section */

/* Begin PBXNativeTarget section */
		69BA8F3427DEE9AF002FE922 /* DrawDemo */ = {
			isa = PBXNativeTarget;
			buildConfigurationList = 69BA8F4927DEE9B1002FE922 /* Build configuration list for PBXNativeTarget "DrawDemo" */;
			buildPhases = (
				69BA8F3127DEE9AF002FE922 /* Sources */,
				69BA8F3227DEE9AF002FE922 /* Frameworks */,
				69BA8F3327DEE9AF002FE922 /* Resources */,
			);
			buildRules = (
			);
			dependencies = (
			);
			name = DrawDemo;
			productName = DrawDemo;
			productReference = 69BA8F3527DEE9AF002FE922 /* DrawDemo.app */;
			productType = "com.apple.product-type.application";
		};
/* End PBXNativeTarget section */

/* Begin PBXProject section */
		69BA8F2D27DEE9AF002FE922 /* Project object */ = {
			isa = PBXProject;
			attributes = {
				BuildIndependentTargetsInParallel = 1;
				LastSwiftUpdateCheck = 1320;
				LastUpgradeCheck = 1320;
				TargetAttributes = {
					69BA8F3427DEE9AF002FE922 = {
						CreatedOnToolsVersion = 13.2.1;
					};
				};
			};
			buildConfigurationList = 69BA8F3027DEE9AF002FE922 /* Build configuration list for PBXProject "DrawDemo" */;
			compatibilityVersion = "Xcode 13.0";
			developmentRegion = en;
			hasScannedForEncodings = 0;
			knownRegions = (
				en,
				Base,
			);
			mainGroup = 69BA8F2C27DEE9AF002FE922;
			productRefGroup = 69BA8F3627DEE9AF002FE922 /* Products */;
			projectDirPath = "";
			projectRoot = "";
			targets = (
				69BA8F3427DEE9AF002FE922 /* DrawDemo */,
			);
		};
/* End PBXProject section */

/* Begin PBXResourcesBuildPhase section */
		69BA8F3327DEE9AF002FE922 /* Resources */ = {
			isa = PBXResourcesBuildPhase;
			buildActionMask = 2147483647;
			files = (
				69BA8F4527DEE9B1002FE922 /* LaunchScreen.storyboard in Resources */,
				69BA8F4227DEE9B1002FE922 /* Assets.xcassets in Resources */,
				69BA8F4027DEE9AF002FE922 /* Main.storyboard in Resources */,
			);
			runOnlyForDeploymentPostprocessing = 0;
		};
/* End PBXResourcesBuildPhase section */

/* Begin PBXSourcesBuildPhase section */
		69BA8F3127DEE9AF002FE922 /* Sources */ = {
			isa = PBXSourcesBuildPhase;
			buildActionMask = 2147483647;
			files = (
				69BA8F3D27DEE9AF002FE922 /* ViewController.swift in Sources */,
				69BA8F3927DEE9AF002FE922 /* AppDelegate.swift in Sources */,
				69BA8F3B27DEE9AF002FE922 /* SceneDelegate.swift in Sources */,
				69BA8F4E27DEEF7D002FE922 /* Canvas.swift in Sources */,
				69BA8F5227DF133E002FE922 /* Line.swift in Sources */,
			);
			runOnlyForDeploymentPostprocessing = 0;
		};
/* End PBXSourcesBuildPhase section */

/* Begin PBXVariantGroup section */
		69BA8F3E27DEE9AF002FE922 /* Main.storyboard */ = {
			isa = PBXVariantGroup;
			children = (
				69BA8F3F27DEE9AF002FE922 /* Base */,
			);
			name = Main.storyboard;
			sourceTree = "<group>";
		};
		69BA8F4327DEE9B1002FE922 /* LaunchScreen.storyboard */ = {
			isa = PBXVariantGroup;
			children = (
				69BA8F4427DEE9B1002FE922 /* Base */,
			);
			name = LaunchScreen.storyboard;
			sourceTree = "<group>";
		};
/* End PBXVariantGroup section */

/* Begin XCBuildConfiguration section */
		69BA8F4727DEE9B1002FE922 /* Debug */ = {
			isa = XCBuildConfiguration;
			buildSettings = {
				ALWAYS_SEARCH_USER_PATHS = NO;
				CLANG_ANALYZER_NONNULL = YES;
				CLANG_ANALYZER_NUMBER_OBJECT_CONVERSION = YES_AGGRESSIVE;
				CLANG_CXX_LANGUAGE_STANDARD = "gnu++17";
				CLANG_CXX_LIBRARY = "libc++";
				CLANG_ENABLE_MODULES = YES;
				CLANG_ENABLE_OBJC_ARC = YES;
				CLANG_ENABLE_OBJC_WEAK = YES;
				CLANG_WARN_BLOCK_CAPTURE_AUTORELEASING = YES;
				CLANG_WARN_BOOL_CONVERSION = YES;
				CLANG_WARN_COMMA = YES;
				CLANG_WARN_CONSTANT_CONVERSION = YES;
				CLANG_WARN_DEPRECATED_OBJC_IMPLEMENTATIONS = YES;
				CLANG_WARN_DIRECT_OBJC_ISA_USAGE = YES_ERROR;
				CLANG_WARN_DOCUMENTATION_COMMENTS = YES;
				CLANG_WARN_EMPTY_BODY = YES;
				CLANG_WARN_ENUM_CONVERSION = YES;
				CLANG_WARN_INFINITE_RECURSION = YES;
				CLANG_WARN_INT_CONVERSION = YES;
				CLANG_WARN_NON_LITERAL_NULL_CONVERSION = YES;
				CLANG_WARN_OBJC_IMPLICIT_RETAIN_SELF = YES;
				CLANG_WARN_OBJC_LITERAL_CONVERSION = YES;
				CLANG_WARN_OBJC_ROOT_CLASS = YES_ERROR;
				CLANG_WARN_QUOTED_INCLUDE_IN_FRAMEWORK_HEADER = YES;
				CLANG_WARN_RANGE_LOOP_ANALYSIS = YES;
				CLANG_WARN_STRICT_PROTOTYPES = YES;
				CLANG_WARN_SUSPICIOUS_MOVE = YES;
				CLANG_WARN_UNGUARDED_AVAILABILITY = YES_AGGRESSIVE;
				CLANG_WARN_UNREACHABLE_CODE = YES;
				CLANG_WARN__DUPLICATE_METHOD_MATCH = YES;
				COPY_PHASE_STRIP = NO;
				DEBUG_INFORMATION_FORMAT = dwarf;
				ENABLE_STRICT_OBJC_MSGSEND = YES;
				ENABLE_TESTABILITY = YES;
				GCC_C_LANGUAGE_STANDARD = gnu11;
				GCC_DYNAMIC_NO_PIC = NO;
				GCC_NO_COMMON_BLOCKS = YES;
				GCC_OPTIMIZATION_LEVEL = 0;
				GCC_PREPROCESSOR_DEFINITIONS = (
					"DEBUG=1",
					"$(inherited)",
				);
				GCC_WARN_64_TO_32_BIT_CONVERSION = YES;
				GCC_WARN_ABOUT_RETURN_TYPE = YES_ERROR;
				GCC_WARN_UNDECLARED_SELECTOR = YES;
				GCC_WARN_UNINITIALIZED_AUTOS = YES_AGGRESSIVE;
				GCC_WARN_UNUSED_FUNCTION = YES;
				GCC_WARN_UNUSED_VARIABLE = YES;
				IPHONEOS_DEPLOYMENT_TARGET = 15.2;
				MTL_ENABLE_DEBUG_INFO = INCLUDE_SOURCE;
				MTL_FAST_MATH = YES;
				ONLY_ACTIVE_ARCH = YES;
				SDKROOT = iphoneos;
				SWIFT_ACTIVE_COMPILATION_CONDITIONS = DEBUG;
				SWIFT_OPTIMIZATION_LEVEL = "-Onone";
			};
			name = Debug;
		};
		69BA8F4827DEE9B1002FE922 /* Release */ = {
			isa = XCBuildConfiguration;
			buildSettings = {
				ALWAYS_SEARCH_USER_PATHS = NO;
				CLANG_ANALYZER_NONNULL = YES;
				CLANG_ANALYZER_NUMBER_OBJECT_CONVERSION = YES_AGGRESSIVE;
				CLANG_CXX_LANGUAGE_STANDARD = "gnu++17";
				CLANG_CXX_LIBRARY = "libc++";
				CLANG_ENABLE_MODULES = YES;
				CLANG_ENABLE_OBJC_ARC = YES;
				CLANG_ENABLE_OBJC_WEAK = YES;
				CLANG_WARN_BLOCK_CAPTURE_AUTORELEASING = YES;
				CLANG_WARN_BOOL_CONVERSION = YES;
				CLANG_WARN_COMMA = YES;
				CLANG_WARN_CONSTANT_CONVERSION = YES;
				CLANG_WARN_DEPRECATED_OBJC_IMPLEMENTATIONS = YES;
				CLANG_WARN_DIRECT_OBJC_ISA_USAGE = YES_ERROR;
				CLANG_WARN_DOCUMENTATION_COMMENTS = YES;
				CLANG_WARN_EMPTY_BODY = YES;
				CLANG_WARN_ENUM_CONVERSION = YES;
				CLANG_WARN_INFINITE_RECURSION = YES;
				CLANG_WARN_INT_CONVERSION = YES;
				CLANG_WARN_NON_LITERAL_NULL_CONVERSION = YES;
				CLANG_WARN_OBJC_IMPLICIT_RETAIN_SELF = YES;
				CLANG_WARN_OBJC_LITERAL_CONVERSION = YES;
				CLANG_WARN_OBJC_ROOT_CLASS = YES_ERROR;
				CLANG_WARN_QUOTED_INCLUDE_IN_FRAMEWORK_HEADER = YES;
				CLANG_WARN_RANGE_LOOP_ANALYSIS = YES;
				CLANG_WARN_STRICT_PROTOTYPES = YES;
				CLANG_WARN_SUSPICIOUS_MOVE = YES;
				CLANG_WARN_UNGUARDED_AVAILABILITY = YES_AGGRESSIVE;
				CLANG_WARN_UNREACHABLE_CODE = YES;
				CLANG_WARN__DUPLICATE_METHOD_MATCH = YES;
				COPY_PHASE_STRIP = NO;
				DEBUG_INFORMATION_FORMAT = "dwarf-with-dsym";
				ENABLE_NS_ASSERTIONS = NO;
				ENABLE_STRICT_OBJC_MSGSEND = YES;
				GCC_C_LANGUAGE_STANDARD = gnu11;
				GCC_NO_COMMON_BLOCKS = YES;
				GCC_WARN_64_TO_32_BIT_CONVERSION = YES;
				GCC_WARN_ABOUT_RETURN_TYPE = YES_ERROR;
				GCC_WARN_UNDECLARED_SELECTOR = YES;
				GCC_WARN_UNINITIALIZED_AUTOS = YES_AGGRESSIVE;
				GCC_WARN_UNUSED_FUNCTION = YES;
				GCC_WARN_UNUSED_VARIABLE = YES;
				IPHONEOS_DEPLOYMENT_TARGET = 15.2;
				MTL_ENABLE_DEBUG_INFO = NO;
				MTL_FAST_MATH = YES;
				SDKROOT = iphoneos;
				SWIFT_COMPILATION_MODE = wholemodule;
				SWIFT_OPTIMIZATION_LEVEL = "-O";
				VALIDATE_PRODUCT = YES;
			};
			name = Release;
		};
		69BA8F4A27DEE9B1002FE922 /* Debug */ = {
			isa = XCBuildConfiguration;
			buildSettings = {
				ASSETCATALOG_COMPILER_APPICON_NAME = AppIcon;
				ASSETCATALOG_COMPILER_GLOBAL_ACCENT_COLOR_NAME = AccentColor;
				CODE_SIGN_STYLE = Automatic;
				CURRENT_PROJECT_VERSION = 1;
				DEVELOPMENT_TEAM = K4DVKAD4TK;
				GENERATE_INFOPLIST_FILE = YES;
				INFOPLIST_FILE = DrawDemo/Info.plist;
				INFOPLIST_KEY_UIApplicationSupportsIndirectInputEvents = YES;
				INFOPLIST_KEY_UILaunchStoryboardName = LaunchScreen;
				INFOPLIST_KEY_UIMainStoryboardFile = Main;
				INFOPLIST_KEY_UISupportedInterfaceOrientations_iPad = "UIInterfaceOrientationPortrait UIInterfaceOrientationPortraitUpsideDown UIInterfaceOrientationLandscapeLeft UIInterfaceOrientationLandscapeRight";
				INFOPLIST_KEY_UISupportedInterfaceOrientations_iPhone = "UIInterfaceOrientationPortrait UIInterfaceOrientationLandscapeLeft UIInterfaceOrientationLandscapeRight";
				LD_RUNPATH_SEARCH_PATHS = (
					"$(inherited)",
					"@executable_path/Frameworks",
				);
				MARKETING_VERSION = 1.0;
				PRODUCT_BUNDLE_IDENTIFIER = com.self.DrawDemo;
				PRODUCT_NAME = "$(TARGET_NAME)";
				SWIFT_EMIT_LOC_STRINGS = YES;
				SWIFT_VERSION = 5.0;
				TARGETED_DEVICE_FAMILY = "1,2";
			};
			name = Debug;
		};
		69BA8F4B27DEE9B1002FE922 /* Release */ = {
			isa = XCBuildConfiguration;
			buildSettings = {
				ASSETCATALOG_COMPILER_APPICON_NAME = AppIcon;
				ASSETCATALOG_COMPILER_GLOBAL_ACCENT_COLOR_NAME = AccentColor;
				CODE_SIGN_STYLE = Automatic;
				CURRENT_PROJECT_VERSION = 1;
				DEVELOPMENT_TEAM = K4DVKAD4TK;
				GENERATE_INFOPLIST_FILE = YES;
				INFOPLIST_FILE = DrawDemo/Info.plist;
				INFOPLIST_KEY_UIApplicationSupportsIndirectInputEvents = YES;
				INFOPLIST_KEY_UILaunchStoryboardName = LaunchScreen;
				INFOPLIST_KEY_UIMainStoryboardFile = Main;
				INFOPLIST_KEY_UISupportedInterfaceOrientations_iPad = "UIInterfaceOrientationPortrait UIInterfaceOrientationPortraitUpsideDown UIInterfaceOrientationLandscapeLeft UIInterfaceOrientationLandscapeRight";
				INFOPLIST_KEY_UISupportedInterfaceOrientations_iPhone = "UIInterfaceOrientationPortrait UIInterfaceOrientationLandscapeLeft UIInterfaceOrientationLandscapeRight";
				LD_RUNPATH_SEARCH_PATHS = (
					"$(inherited)",
					"@executable_path/Frameworks",
				);
				MARKETING_VERSION = 1.0;
				PRODUCT_BUNDLE_IDENTIFIER = com.self.DrawDemo;
				PRODUCT_NAME = "$(TARGET_NAME)";
				SWIFT_EMIT_LOC_STRINGS = YES;
				SWIFT_VERSION = 5.0;
				TARGETED_DEVICE_FAMILY = "1,2";
			};
			name = Release;
		};
/* End XCBuildConfiguration section */

/* Begin XCConfigurationList section */
		69BA8F3027DEE9AF002FE922 /* Build configuration list for PBXProject "DrawDemo" */ = {
			isa = XCConfigurationList;
			buildConfigurations = (
				69BA8F4727DEE9B1002FE922 /* Debug */,
				69BA8F4827DEE9B1002FE922 /* Release */,
			);
			defaultConfigurationIsVisible = 0;
			defaultConfigurationName = Release;
		};
		69BA8F4927DEE9B1002FE922 /* Build configuration list for PBXNativeTarget "DrawDemo" */ = {
			isa = XCConfigurationList;
			buildConfigurations = (
				69BA8F4A27DEE9B1002FE922 /* Debug */,
				69BA8F4B27DEE9B1002FE922 /* Release */,
			);
			defaultConfigurationIsVisible = 0;
			defaultConfigurationName = Release;
		};
/* End XCConfigurationList section */
	};
	rootObject = 69BA8F2D27DEE9AF002FE922 /* Project object */;
}
